// !$*UTF8*$!
{
	archiveVersion = 1;
	classes = {
	};
	objectVersion = 46;
	objects = {

/* Begin PBXBuildFile section */
		0013D711A67472DB8B9FAC13 /* Pods_Spenderizer.framework in Frameworks */ = {isa = PBXBuildFile; fileRef = A382A6974C5D5C1DDB4C334D /* Pods_Spenderizer.framework */; };
		210151F91CBD961C0037E6D3 /* MENU BUTTON 40x40.png in Resources */ = {isa = PBXBuildFile; fileRef = 210151F81CBD961C0037E6D3 /* MENU BUTTON 40x40.png */; };
		B50286E81CBAE62D00728973 /* Main.storyboard in Resources */ = {isa = PBXBuildFile; fileRef = B50286E71CBAE62D00728973 /* Main.storyboard */; };
		B50286EA1CBAE88900728973 /* OFXAccountsRequestTemplate in Resources */ = {isa = PBXBuildFile; fileRef = B50286E91CBAE88900728973 /* OFXAccountsRequestTemplate */; };
		B50286EC1CBB385300728973 /* OFXBankProfileTemplate in Resources */ = {isa = PBXBuildFile; fileRef = B50286EB1CBB385300728973 /* OFXBankProfileTemplate */; };
		B50286EF1CBB5BED00728973 /* OFXBankProfileQuery.m in Sources */ = {isa = PBXBuildFile; fileRef = B50286EE1CBB5BED00728973 /* OFXBankProfileQuery.m */; };
		B50B0FB21CCD87240006AEA0 /* carIcon.png in Resources */ = {isa = PBXBuildFile; fileRef = B50B0FB11CCD87240006AEA0 /* carIcon.png */; };
		B50B0FB71CCDA4960006AEA0 /* entertainmentIcon.png in Resources */ = {isa = PBXBuildFile; fileRef = B50B0FB61CCDA4960006AEA0 /* entertainmentIcon.png */; };
		B50B0FB91CCDA5550006AEA0 /* miscIcon.png in Resources */ = {isa = PBXBuildFile; fileRef = B50B0FB81CCDA5550006AEA0 /* miscIcon.png */; };
		B50B0FBB1CCDB05E0006AEA0 /* foodIcon.png in Resources */ = {isa = PBXBuildFile; fileRef = B50B0FBA1CCDB05E0006AEA0 /* foodIcon.png */; };
		B53592C81CBBE8D4005CF4D5 /* SWRevealViewController.m in Sources */ = {isa = PBXBuildFile; fileRef = B53592C71CBBE8D4005CF4D5 /* SWRevealViewController.m */; };
		B53592CB1CBBEAD0005CF4D5 /* AppDelegate.m in Sources */ = {isa = PBXBuildFile; fileRef = B53592CA1CBBEAD0005CF4D5 /* AppDelegate.m */; };
		B53592F91CBCB580005CF4D5 /* OFXHeader in Resources */ = {isa = PBXBuildFile; fileRef = B53592F81CBCB580005CF4D5 /* OFXHeader */; };
		B53CAD4B1CBDF08100C9E482 /* Security.framework in Frameworks */ = {isa = PBXBuildFile; fileRef = B53CAD4A1CBDF08100C9E482 /* Security.framework */; };
		B53CAD561CBDFA5D00C9E482 /* Constants.m in Sources */ = {isa = PBXBuildFile; fileRef = B53CAD551CBDFA5D00C9E482 /* Constants.m */; };
		B53CAD9F1CBEF69200C9E482 /* BankAccountCell.xib in Resources */ = {isa = PBXBuildFile; fileRef = B53CAD841CBEF69200C9E482 /* BankAccountCell.xib */; };
		B53CADA01CBEF69200C9E482 /* BankAccountsTableVC.m in Sources */ = {isa = PBXBuildFile; fileRef = B53CAD861CBEF69200C9E482 /* BankAccountsTableVC.m */; };
		B53CADA11CBEF69200C9E482 /* BankAccountTableViewCell.m in Sources */ = {isa = PBXBuildFile; fileRef = B53CAD881CBEF69200C9E482 /* BankAccountTableViewCell.m */; };
		B53CADA21CBEF69200C9E482 /* BankSignInFormVC.m in Sources */ = {isa = PBXBuildFile; fileRef = B53CAD8A1CBEF69200C9E482 /* BankSignInFormVC.m */; };
		B53CADA31CBEF69200C9E482 /* BankTableVC.m in Sources */ = {isa = PBXBuildFile; fileRef = B53CAD8C1CBEF69200C9E482 /* BankTableVC.m */; };
		B53CADA41CBEF69200C9E482 /* HomePageVC.m in Sources */ = {isa = PBXBuildFile; fileRef = B53CAD8E1CBEF69200C9E482 /* HomePageVC.m */; };
		B53CADA51CBEF69200C9E482 /* MainMenuVC.m in Sources */ = {isa = PBXBuildFile; fileRef = B53CAD901CBEF69200C9E482 /* MainMenuVC.m */; };
		B53CADA61CBEF69200C9E482 /* NavigationTVC.m in Sources */ = {isa = PBXBuildFile; fileRef = B53CAD921CBEF69200C9E482 /* NavigationTVC.m */; };
		B53CADA71CBEF69200C9E482 /* RegisterLoginVC.m in Sources */ = {isa = PBXBuildFile; fileRef = B53CAD951CBEF69200C9E482 /* RegisterLoginVC.m */; };
		B53CADA81CBEF69200C9E482 /* SetPinVC.m in Sources */ = {isa = PBXBuildFile; fileRef = B53CAD971CBEF69200C9E482 /* SetPinVC.m */; };
		B53CADA91CBEF69200C9E482 /* SettingsVC.m in Sources */ = {isa = PBXBuildFile; fileRef = B53CAD991CBEF69200C9E482 /* SettingsVC.m */; };
		B53CADAA1CBEF69200C9E482 /* TransactionCell.xib in Resources */ = {isa = PBXBuildFile; fileRef = B53CAD9A1CBEF69200C9E482 /* TransactionCell.xib */; };
		B53CADAB1CBEF69200C9E482 /* TransactionTableVC.m in Sources */ = {isa = PBXBuildFile; fileRef = B53CAD9C1CBEF69200C9E482 /* TransactionTableVC.m */; };
		B53CADAC1CBEF69200C9E482 /* TransactionTableViewCell.m in Sources */ = {isa = PBXBuildFile; fileRef = B53CAD9E1CBEF69200C9E482 /* TransactionTableViewCell.m */; };
		B53CADAF1CBF279E00C9E482 /* OFXTransactionQuery.m in Sources */ = {isa = PBXBuildFile; fileRef = B53CADAE1CBF279E00C9E482 /* OFXTransactionQuery.m */; };
		B53CADB01CC1922B00C9E482 /* LaunchScreen.storyboard in Resources */ = {isa = PBXBuildFile; fileRef = B5AC66491CA1E2E00018D7CB /* LaunchScreen.storyboard */; };
		B53CADBC1CC4B54E00C9E482 /* FXKeychain.m in Sources */ = {isa = PBXBuildFile; fileRef = B53CADBB1CC4B54E00C9E482 /* FXKeychain.m */; };
		B53CADBE1CC4BBB400C9E482 /* cross.png in Resources */ = {isa = PBXBuildFile; fileRef = B53CADBD1CC4BBB400C9E482 /* cross.png */; };
		B560F00E1CBD7AF3000B3447 /* SGMLParser.m in Sources */ = {isa = PBXBuildFile; fileRef = B560F00D1CBD7AF3000B3447 /* SGMLParser.m */; };
		B560F0111CBD81E5000B3447 /* Stack.m in Sources */ = {isa = PBXBuildFile; fileRef = B560F0101CBD81E5000B3447 /* Stack.m */; };
		B56382121CB8B28E00B9B45A /* OFXSignOnQuery.m in Sources */ = {isa = PBXBuildFile; fileRef = B56382111CB8B28E00B9B45A /* OFXSignOnQuery.m */; };
		B56382151CB8B2A100B9B45A /* OFXQuery.m in Sources */ = {isa = PBXBuildFile; fileRef = B56382141CB8B2A100B9B45A /* OFXQuery.m */; };
		B563821B1CB8B3AD00B9B45A /* OFXUtil.m in Sources */ = {isa = PBXBuildFile; fileRef = B563821A1CB8B3AD00B9B45A /* OFXUtil.m */; };
		B563821E1CB8B45A00B9B45A /* OFXget.m in Sources */ = {isa = PBXBuildFile; fileRef = B563821D1CB8B45A00B9B45A /* OFXget.m */; };
		B56382281CB8D3DF00B9B45A /* OFXSignOnTemplate in Resources */ = {isa = PBXBuildFile; fileRef = B56382261CB8D3DF00B9B45A /* OFXSignOnTemplate */; };
		B56382291CB8D3DF00B9B45A /* OFXTransactionTemplate in Resources */ = {isa = PBXBuildFile; fileRef = B56382271CB8D3DF00B9B45A /* OFXTransactionTemplate */; };
		B563822C1CB8D41400B9B45A /* OFXAccountsRequestQuery.m in Sources */ = {isa = PBXBuildFile; fileRef = B563822B1CB8D41400B9B45A /* OFXAccountsRequestQuery.m */; };
		B56382321CB972AB00B9B45A /* XMLDictionary.m in Sources */ = {isa = PBXBuildFile; fileRef = B56382311CB972AB00B9B45A /* XMLDictionary.m */; };
		B57956F41CCFFAF700CDC8BE /* Category.m in Sources */ = {isa = PBXBuildFile; fileRef = B57956F31CCFFAF700CDC8BE /* Category.m */; };
		B57956F71CCFFB0300CDC8BE /* Transaction.m in Sources */ = {isa = PBXBuildFile; fileRef = B57956F61CCFFB0300CDC8BE /* Transaction.m */; };
		B57957551CD044A600CDC8BE /* TransactionModel.xcdatamodeld in Sources */ = {isa = PBXBuildFile; fileRef = B57957531CD044A600CDC8BE /* TransactionModel.xcdatamodeld */; };
		B57957571CD0817B00CDC8BE /* QuartzCore.framework in Frameworks */ = {isa = PBXBuildFile; fileRef = B57957561CD0817B00CDC8BE /* QuartzCore.framework */; };
		B57957591CD0818100CDC8BE /* CoreGraphics.framework in Frameworks */ = {isa = PBXBuildFile; fileRef = B57957581CD0818100CDC8BE /* CoreGraphics.framework */; };
		B579575B1CD09AC000CDC8BE /* Icon-60@2x.png in Resources */ = {isa = PBXBuildFile; fileRef = B579575A1CD09AC000CDC8BE /* Icon-60@2x.png */; };
		B57957611CD09B6900CDC8BE /* RoundedLogo.png in Resources */ = {isa = PBXBuildFile; fileRef = B57957601CD09B6900CDC8BE /* RoundedLogo.png */; };
		B57957691CD1054000CDC8BE /* CategoriesTableVC.m in Sources */ = {isa = PBXBuildFile; fileRef = B57957681CD1054000CDC8BE /* CategoriesTableVC.m */; };
		B579576C1CD10A5700CDC8BE /* BudgetTableVC.m in Sources */ = {isa = PBXBuildFile; fileRef = B579576B1CD10A5700CDC8BE /* BudgetTableVC.m */; };
		B579576E1CD10B8300CDC8BE /* jabs.jpg in Resources */ = {isa = PBXBuildFile; fileRef = B579576D1CD10B8300CDC8BE /* jabs.jpg */; };
		B57957701CD117D100CDC8BE /* Logo.png in Resources */ = {isa = PBXBuildFile; fileRef = B579576F1CD117D100CDC8BE /* Logo.png */; };
		B5AA09421CB45609004EFCA9 /* User.m in Sources */ = {isa = PBXBuildFile; fileRef = B5AA09411CB45609004EFCA9 /* User.m */; };
		B5AA09451CB4570D004EFCA9 /* BankAccount.m in Sources */ = {isa = PBXBuildFile; fileRef = B5AA09441CB4570D004EFCA9 /* BankAccount.m */; };
		B5AA09481CB45AC9004EFCA9 /* Bank.m in Sources */ = {isa = PBXBuildFile; fileRef = B5AA09471CB45AC9004EFCA9 /* Bank.m */; };
		B5AA094C1CB45CE3004EFCA9 /* Loader.m in Sources */ = {isa = PBXBuildFile; fileRef = B5AA094B1CB45CE3004EFCA9 /* Loader.m */; };
		B5AA094F1CB45D0F004EFCA9 /* MetaBankInfo.m in Sources */ = {isa = PBXBuildFile; fileRef = B5AA094E1CB45D0F004EFCA9 /* MetaBankInfo.m */; };
		B5AC663D1CA1E2E00018D7CB /* main.m in Sources */ = {isa = PBXBuildFile; fileRef = B5AC663C1CA1E2E00018D7CB /* main.m */; };
		B5AC66481CA1E2E00018D7CB /* Assets.xcassets in Resources */ = {isa = PBXBuildFile; fileRef = B5AC66471CA1E2E00018D7CB /* Assets.xcassets */; };
/* End PBXBuildFile section */

/* Begin PBXFileReference section */
		126F8985ABB4B9F09DBCF367 /* Pods-Spenderizer.debug.xcconfig */ = {isa = PBXFileReference; includeInIndex = 1; lastKnownFileType = text.xcconfig; name = "Pods-Spenderizer.debug.xcconfig"; path = "Pods/Target Support Files/Pods-Spenderizer/Pods-Spenderizer.debug.xcconfig"; sourceTree = "<group>"; };
		210151F81CBD961C0037E6D3 /* MENU BUTTON 40x40.png */ = {isa = PBXFileReference; lastKnownFileType = image.png; path = "MENU BUTTON 40x40.png"; sourceTree = "<group>"; };
		823ECA0E5C571F712B89861B /* Pods-Spenderizer.release.xcconfig */ = {isa = PBXFileReference; includeInIndex = 1; lastKnownFileType = text.xcconfig; name = "Pods-Spenderizer.release.xcconfig"; path = "Pods/Target Support Files/Pods-Spenderizer/Pods-Spenderizer.release.xcconfig"; sourceTree = "<group>"; };
		A382A6974C5D5C1DDB4C334D /* Pods_Spenderizer.framework */ = {isa = PBXFileReference; explicitFileType = wrapper.framework; includeInIndex = 0; path = Pods_Spenderizer.framework; sourceTree = BUILT_PRODUCTS_DIR; };
		B50286E71CBAE62D00728973 /* Main.storyboard */ = {isa = PBXFileReference; fileEncoding = 4; lastKnownFileType = file.storyboard; path = Main.storyboard; sourceTree = "<group>"; };
		B50286E91CBAE88900728973 /* OFXAccountsRequestTemplate */ = {isa = PBXFileReference; fileEncoding = 4; lastKnownFileType = text; path = OFXAccountsRequestTemplate; sourceTree = "<group>"; };
		B50286EB1CBB385300728973 /* OFXBankProfileTemplate */ = {isa = PBXFileReference; fileEncoding = 4; lastKnownFileType = text; path = OFXBankProfileTemplate; sourceTree = "<group>"; };
		B50286ED1CBB5BED00728973 /* OFXBankProfileQuery.h */ = {isa = PBXFileReference; fileEncoding = 4; lastKnownFileType = sourcecode.c.h; path = OFXBankProfileQuery.h; sourceTree = "<group>"; };
		B50286EE1CBB5BED00728973 /* OFXBankProfileQuery.m */ = {isa = PBXFileReference; fileEncoding = 4; lastKnownFileType = sourcecode.c.objc; path = OFXBankProfileQuery.m; sourceTree = "<group>"; };
		B50B0FB11CCD87240006AEA0 /* carIcon.png */ = {isa = PBXFileReference; lastKnownFileType = image.png; path = carIcon.png; sourceTree = "<group>"; };
		B50B0FB61CCDA4960006AEA0 /* entertainmentIcon.png */ = {isa = PBXFileReference; lastKnownFileType = image.png; path = entertainmentIcon.png; sourceTree = "<group>"; };
		B50B0FB81CCDA5550006AEA0 /* miscIcon.png */ = {isa = PBXFileReference; lastKnownFileType = image.png; path = miscIcon.png; sourceTree = "<group>"; };
		B50B0FBA1CCDB05E0006AEA0 /* foodIcon.png */ = {isa = PBXFileReference; lastKnownFileType = image.png; path = foodIcon.png; sourceTree = "<group>"; };
		B53592C61CBBE8D4005CF4D5 /* SWRevealViewController.h */ = {isa = PBXFileReference; fileEncoding = 4; lastKnownFileType = sourcecode.c.h; path = SWRevealViewController.h; sourceTree = "<group>"; };
		B53592C71CBBE8D4005CF4D5 /* SWRevealViewController.m */ = {isa = PBXFileReference; fileEncoding = 4; lastKnownFileType = sourcecode.c.objc; path = SWRevealViewController.m; sourceTree = "<group>"; };
		B53592CA1CBBEAD0005CF4D5 /* AppDelegate.m */ = {isa = PBXFileReference; fileEncoding = 4; lastKnownFileType = sourcecode.c.objc; path = AppDelegate.m; sourceTree = "<group>"; };
		B53592F81CBCB580005CF4D5 /* OFXHeader */ = {isa = PBXFileReference; fileEncoding = 4; lastKnownFileType = text; path = OFXHeader; sourceTree = "<group>"; };
		B53CAD4A1CBDF08100C9E482 /* Security.framework */ = {isa = PBXFileReference; lastKnownFileType = wrapper.framework; name = Security.framework; path = System/Library/Frameworks/Security.framework; sourceTree = SDKROOT; };
		B53CAD551CBDFA5D00C9E482 /* Constants.m */ = {isa = PBXFileReference; fileEncoding = 4; lastKnownFileType = sourcecode.c.objc; path = Constants.m; sourceTree = "<group>"; };
		B53CAD571CBDFA6800C9E482 /* Constants.h */ = {isa = PBXFileReference; lastKnownFileType = sourcecode.c.h; path = Constants.h; sourceTree = "<group>"; };
		B53CAD581CBDFB9C00C9E482 /* spenderizer-prefix.pch */ = {isa = PBXFileReference; lastKnownFileType = sourcecode.c.h; path = "spenderizer-prefix.pch"; sourceTree = "<group>"; };
		B53CAD841CBEF69200C9E482 /* BankAccountCell.xib */ = {isa = PBXFileReference; fileEncoding = 4; lastKnownFileType = file.xib; path = BankAccountCell.xib; sourceTree = "<group>"; };
		B53CAD851CBEF69200C9E482 /* BankAccountsTableVC.h */ = {isa = PBXFileReference; fileEncoding = 4; lastKnownFileType = sourcecode.c.h; path = BankAccountsTableVC.h; sourceTree = "<group>"; };
		B53CAD861CBEF69200C9E482 /* BankAccountsTableVC.m */ = {isa = PBXFileReference; fileEncoding = 4; lastKnownFileType = sourcecode.c.objc; path = BankAccountsTableVC.m; sourceTree = "<group>"; };
		B53CAD871CBEF69200C9E482 /* BankAccountTableViewCell.h */ = {isa = PBXFileReference; fileEncoding = 4; lastKnownFileType = sourcecode.c.h; path = BankAccountTableViewCell.h; sourceTree = "<group>"; };
		B53CAD881CBEF69200C9E482 /* BankAccountTableViewCell.m */ = {isa = PBXFileReference; fileEncoding = 4; lastKnownFileType = sourcecode.c.objc; path = BankAccountTableViewCell.m; sourceTree = "<group>"; };
		B53CAD891CBEF69200C9E482 /* BankSignInFormVC.h */ = {isa = PBXFileReference; fileEncoding = 4; lastKnownFileType = sourcecode.c.h; path = BankSignInFormVC.h; sourceTree = "<group>"; };
		B53CAD8A1CBEF69200C9E482 /* BankSignInFormVC.m */ = {isa = PBXFileReference; fileEncoding = 4; lastKnownFileType = sourcecode.c.objc; path = BankSignInFormVC.m; sourceTree = "<group>"; };
		B53CAD8B1CBEF69200C9E482 /* BankTableVC.h */ = {isa = PBXFileReference; fileEncoding = 4; lastKnownFileType = sourcecode.c.h; path = BankTableVC.h; sourceTree = "<group>"; };
		B53CAD8C1CBEF69200C9E482 /* BankTableVC.m */ = {isa = PBXFileReference; fileEncoding = 4; lastKnownFileType = sourcecode.c.objc; path = BankTableVC.m; sourceTree = "<group>"; };
		B53CAD8D1CBEF69200C9E482 /* HomePageVC.h */ = {isa = PBXFileReference; fileEncoding = 4; lastKnownFileType = sourcecode.c.h; path = HomePageVC.h; sourceTree = "<group>"; };
		B53CAD8E1CBEF69200C9E482 /* HomePageVC.m */ = {isa = PBXFileReference; fileEncoding = 4; lastKnownFileType = sourcecode.c.objc; path = HomePageVC.m; sourceTree = "<group>"; };
		B53CAD8F1CBEF69200C9E482 /* MainMenuVC.h */ = {isa = PBXFileReference; fileEncoding = 4; lastKnownFileType = sourcecode.c.h; path = MainMenuVC.h; sourceTree = "<group>"; };
		B53CAD901CBEF69200C9E482 /* MainMenuVC.m */ = {isa = PBXFileReference; fileEncoding = 4; lastKnownFileType = sourcecode.c.objc; path = MainMenuVC.m; sourceTree = "<group>"; };
		B53CAD911CBEF69200C9E482 /* NavigationTVC.h */ = {isa = PBXFileReference; fileEncoding = 4; lastKnownFileType = sourcecode.c.h; path = NavigationTVC.h; sourceTree = "<group>"; };
		B53CAD921CBEF69200C9E482 /* NavigationTVC.m */ = {isa = PBXFileReference; fileEncoding = 4; lastKnownFileType = sourcecode.c.objc; path = NavigationTVC.m; sourceTree = "<group>"; };
		B53CAD931CBEF69200C9E482 /* NavigationVC.h */ = {isa = PBXFileReference; fileEncoding = 4; lastKnownFileType = sourcecode.c.h; path = NavigationVC.h; sourceTree = "<group>"; };
		B53CAD941CBEF69200C9E482 /* RegisterLoginVC.h */ = {isa = PBXFileReference; fileEncoding = 4; lastKnownFileType = sourcecode.c.h; path = RegisterLoginVC.h; sourceTree = "<group>"; };
		B53CAD951CBEF69200C9E482 /* RegisterLoginVC.m */ = {isa = PBXFileReference; fileEncoding = 4; lastKnownFileType = sourcecode.c.objc; path = RegisterLoginVC.m; sourceTree = "<group>"; };
		B53CAD961CBEF69200C9E482 /* SetPinVC.h */ = {isa = PBXFileReference; fileEncoding = 4; lastKnownFileType = sourcecode.c.h; path = SetPinVC.h; sourceTree = "<group>"; };
		B53CAD971CBEF69200C9E482 /* SetPinVC.m */ = {isa = PBXFileReference; fileEncoding = 4; lastKnownFileType = sourcecode.c.objc; path = SetPinVC.m; sourceTree = "<group>"; };
		B53CAD981CBEF69200C9E482 /* SettingsVC.h */ = {isa = PBXFileReference; fileEncoding = 4; lastKnownFileType = sourcecode.c.h; path = SettingsVC.h; sourceTree = "<group>"; };
		B53CAD991CBEF69200C9E482 /* SettingsVC.m */ = {isa = PBXFileReference; fileEncoding = 4; lastKnownFileType = sourcecode.c.objc; path = SettingsVC.m; sourceTree = "<group>"; };
		B53CAD9A1CBEF69200C9E482 /* TransactionCell.xib */ = {isa = PBXFileReference; fileEncoding = 4; lastKnownFileType = file.xib; path = TransactionCell.xib; sourceTree = "<group>"; };
		B53CAD9B1CBEF69200C9E482 /* TransactionTableVC.h */ = {isa = PBXFileReference; fileEncoding = 4; lastKnownFileType = sourcecode.c.h; path = TransactionTableVC.h; sourceTree = "<group>"; };
		B53CAD9C1CBEF69200C9E482 /* TransactionTableVC.m */ = {isa = PBXFileReference; fileEncoding = 4; lastKnownFileType = sourcecode.c.objc; path = TransactionTableVC.m; sourceTree = "<group>"; };
		B53CAD9D1CBEF69200C9E482 /* TransactionTableViewCell.h */ = {isa = PBXFileReference; fileEncoding = 4; lastKnownFileType = sourcecode.c.h; path = TransactionTableViewCell.h; sourceTree = "<group>"; };
		B53CAD9E1CBEF69200C9E482 /* TransactionTableViewCell.m */ = {isa = PBXFileReference; fileEncoding = 4; lastKnownFileType = sourcecode.c.objc; path = TransactionTableViewCell.m; sourceTree = "<group>"; };
		B53CADAD1CBF279E00C9E482 /* OFXTransactionQuery.h */ = {isa = PBXFileReference; fileEncoding = 4; lastKnownFileType = sourcecode.c.h; path = OFXTransactionQuery.h; sourceTree = "<group>"; };
		B53CADAE1CBF279E00C9E482 /* OFXTransactionQuery.m */ = {isa = PBXFileReference; fileEncoding = 4; lastKnownFileType = sourcecode.c.objc; path = OFXTransactionQuery.m; sourceTree = "<group>"; };
		B53CADBA1CC4B54E00C9E482 /* FXKeychain.h */ = {isa = PBXFileReference; fileEncoding = 4; lastKnownFileType = sourcecode.c.h; path = FXKeychain.h; sourceTree = "<group>"; };
		B53CADBB1CC4B54E00C9E482 /* FXKeychain.m */ = {isa = PBXFileReference; fileEncoding = 4; lastKnownFileType = sourcecode.c.objc; path = FXKeychain.m; sourceTree = "<group>"; };
		B53CADBD1CC4BBB400C9E482 /* cross.png */ = {isa = PBXFileReference; lastKnownFileType = image.png; path = cross.png; sourceTree = "<group>"; };
		B560F00C1CBD7AF3000B3447 /* SGMLParser.h */ = {isa = PBXFileReference; fileEncoding = 4; lastKnownFileType = sourcecode.c.h; path = SGMLParser.h; sourceTree = "<group>"; };
		B560F00D1CBD7AF3000B3447 /* SGMLParser.m */ = {isa = PBXFileReference; fileEncoding = 4; lastKnownFileType = sourcecode.c.objc; path = SGMLParser.m; sourceTree = "<group>"; };
		B560F00F1CBD81E5000B3447 /* Stack.h */ = {isa = PBXFileReference; fileEncoding = 4; lastKnownFileType = sourcecode.c.h; path = Stack.h; sourceTree = "<group>"; };
		B560F0101CBD81E5000B3447 /* Stack.m */ = {isa = PBXFileReference; fileEncoding = 4; lastKnownFileType = sourcecode.c.objc; path = Stack.m; sourceTree = "<group>"; };
		B560F0121CBDABB6000B3447 /* Notes */ = {isa = PBXFileReference; fileEncoding = 4; lastKnownFileType = text; path = Notes; sourceTree = "<group>"; };
		B56382101CB8B28E00B9B45A /* OFXSignOnQuery.h */ = {isa = PBXFileReference; fileEncoding = 4; lastKnownFileType = sourcecode.c.h; path = OFXSignOnQuery.h; sourceTree = "<group>"; };
		B56382111CB8B28E00B9B45A /* OFXSignOnQuery.m */ = {isa = PBXFileReference; fileEncoding = 4; lastKnownFileType = sourcecode.c.objc; path = OFXSignOnQuery.m; sourceTree = "<group>"; };
		B56382131CB8B2A100B9B45A /* OFXQuery.h */ = {isa = PBXFileReference; fileEncoding = 4; lastKnownFileType = sourcecode.c.h; path = OFXQuery.h; sourceTree = "<group>"; };
		B56382141CB8B2A100B9B45A /* OFXQuery.m */ = {isa = PBXFileReference; fileEncoding = 4; lastKnownFileType = sourcecode.c.objc; path = OFXQuery.m; sourceTree = "<group>"; };
		B56382191CB8B3AD00B9B45A /* OFXUtil.h */ = {isa = PBXFileReference; fileEncoding = 4; lastKnownFileType = sourcecode.c.h; path = OFXUtil.h; sourceTree = "<group>"; };
		B563821A1CB8B3AD00B9B45A /* OFXUtil.m */ = {isa = PBXFileReference; fileEncoding = 4; lastKnownFileType = sourcecode.c.objc; path = OFXUtil.m; sourceTree = "<group>"; };
		B563821C1CB8B45A00B9B45A /* OFXget.h */ = {isa = PBXFileReference; fileEncoding = 4; lastKnownFileType = sourcecode.c.h; path = OFXget.h; sourceTree = "<group>"; };
		B563821D1CB8B45A00B9B45A /* OFXget.m */ = {isa = PBXFileReference; fileEncoding = 4; lastKnownFileType = sourcecode.c.objc; path = OFXget.m; sourceTree = "<group>"; };
		B56382261CB8D3DF00B9B45A /* OFXSignOnTemplate */ = {isa = PBXFileReference; fileEncoding = 4; lastKnownFileType = text; path = OFXSignOnTemplate; sourceTree = "<group>"; };
		B56382271CB8D3DF00B9B45A /* OFXTransactionTemplate */ = {isa = PBXFileReference; fileEncoding = 4; lastKnownFileType = text; path = OFXTransactionTemplate; sourceTree = "<group>"; };
		B563822A1CB8D41400B9B45A /* OFXAccountsRequestQuery.h */ = {isa = PBXFileReference; fileEncoding = 4; lastKnownFileType = sourcecode.c.h; path = OFXAccountsRequestQuery.h; sourceTree = "<group>"; };
		B563822B1CB8D41400B9B45A /* OFXAccountsRequestQuery.m */ = {isa = PBXFileReference; fileEncoding = 4; lastKnownFileType = sourcecode.c.objc; path = OFXAccountsRequestQuery.m; sourceTree = "<group>"; };
		B56382301CB972AB00B9B45A /* XMLDictionary.h */ = {isa = PBXFileReference; fileEncoding = 4; lastKnownFileType = sourcecode.c.h; path = XMLDictionary.h; sourceTree = "<group>"; };
		B56382311CB972AB00B9B45A /* XMLDictionary.m */ = {isa = PBXFileReference; fileEncoding = 4; lastKnownFileType = sourcecode.c.objc; path = XMLDictionary.m; sourceTree = "<group>"; };
		B57956F21CCFFAF700CDC8BE /* Category.h */ = {isa = PBXFileReference; fileEncoding = 4; lastKnownFileType = sourcecode.c.h; path = Category.h; sourceTree = "<group>"; };
		B57956F31CCFFAF700CDC8BE /* Category.m */ = {isa = PBXFileReference; fileEncoding = 4; lastKnownFileType = sourcecode.c.objc; path = Category.m; sourceTree = "<group>"; };
		B57956F51CCFFB0300CDC8BE /* Transaction.h */ = {isa = PBXFileReference; fileEncoding = 4; lastKnownFileType = sourcecode.c.h; path = Transaction.h; sourceTree = "<group>"; };
		B57956F61CCFFB0300CDC8BE /* Transaction.m */ = {isa = PBXFileReference; fileEncoding = 4; lastKnownFileType = sourcecode.c.objc; path = Transaction.m; sourceTree = "<group>"; };
		B57957541CD044A600CDC8BE /* TransactionModel.xcdatamodel */ = {isa = PBXFileReference; lastKnownFileType = wrapper.xcdatamodel; path = TransactionModel.xcdatamodel; sourceTree = "<group>"; };
		B57957561CD0817B00CDC8BE /* QuartzCore.framework */ = {isa = PBXFileReference; lastKnownFileType = wrapper.framework; name = QuartzCore.framework; path = System/Library/Frameworks/QuartzCore.framework; sourceTree = SDKROOT; };
		B57957581CD0818100CDC8BE /* CoreGraphics.framework */ = {isa = PBXFileReference; lastKnownFileType = wrapper.framework; name = CoreGraphics.framework; path = System/Library/Frameworks/CoreGraphics.framework; sourceTree = SDKROOT; };
		B579575A1CD09AC000CDC8BE /* Icon-60@2x.png */ = {isa = PBXFileReference; lastKnownFileType = image.png; name = "Icon-60@2x.png"; path = "../Icon-60@2x.png"; sourceTree = "<group>"; };
		B57957601CD09B6900CDC8BE /* RoundedLogo.png */ = {isa = PBXFileReference; lastKnownFileType = image.png; name = RoundedLogo.png; path = ../RoundedLogo.png; sourceTree = "<group>"; };
		B57957671CD1054000CDC8BE /* CategoriesTableVC.h */ = {isa = PBXFileReference; fileEncoding = 4; lastKnownFileType = sourcecode.c.h; path = CategoriesTableVC.h; sourceTree = "<group>"; };
		B57957681CD1054000CDC8BE /* CategoriesTableVC.m */ = {isa = PBXFileReference; fileEncoding = 4; lastKnownFileType = sourcecode.c.objc; path = CategoriesTableVC.m; sourceTree = "<group>"; };
		B579576A1CD10A5700CDC8BE /* BudgetTableVC.h */ = {isa = PBXFileReference; fileEncoding = 4; lastKnownFileType = sourcecode.c.h; path = BudgetTableVC.h; sourceTree = "<group>"; };
		B579576B1CD10A5700CDC8BE /* BudgetTableVC.m */ = {isa = PBXFileReference; fileEncoding = 4; lastKnownFileType = sourcecode.c.objc; path = BudgetTableVC.m; sourceTree = "<group>"; };
		B579576D1CD10B8300CDC8BE /* jabs.jpg */ = {isa = PBXFileReference; lastKnownFileType = image.jpeg; name = jabs.jpg; path = ../jabs.jpg; sourceTree = "<group>"; };
		B579576F1CD117D100CDC8BE /* Logo.png */ = {isa = PBXFileReference; lastKnownFileType = image.png; name = Logo.png; path = ../Logo.png; sourceTree = "<group>"; };
		B5AA09401CB45609004EFCA9 /* User.h */ = {isa = PBXFileReference; fileEncoding = 4; lastKnownFileType = sourcecode.c.h; path = User.h; sourceTree = "<group>"; };
		B5AA09411CB45609004EFCA9 /* User.m */ = {isa = PBXFileReference; fileEncoding = 4; lastKnownFileType = sourcecode.c.objc; path = User.m; sourceTree = "<group>"; };
		B5AA09431CB4570D004EFCA9 /* BankAccount.h */ = {isa = PBXFileReference; fileEncoding = 4; lastKnownFileType = sourcecode.c.h; path = BankAccount.h; sourceTree = "<group>"; };
		B5AA09441CB4570D004EFCA9 /* BankAccount.m */ = {isa = PBXFileReference; fileEncoding = 4; lastKnownFileType = sourcecode.c.objc; path = BankAccount.m; sourceTree = "<group>"; };
		B5AA09461CB45AC9004EFCA9 /* Bank.h */ = {isa = PBXFileReference; fileEncoding = 4; lastKnownFileType = sourcecode.c.h; path = Bank.h; sourceTree = "<group>"; };
		B5AA09471CB45AC9004EFCA9 /* Bank.m */ = {isa = PBXFileReference; fileEncoding = 4; lastKnownFileType = sourcecode.c.objc; path = Bank.m; sourceTree = "<group>"; };
		B5AA094A1CB45CE3004EFCA9 /* Loader.h */ = {isa = PBXFileReference; fileEncoding = 4; lastKnownFileType = sourcecode.c.h; path = Loader.h; sourceTree = "<group>"; };
		B5AA094B1CB45CE3004EFCA9 /* Loader.m */ = {isa = PBXFileReference; fileEncoding = 4; lastKnownFileType = sourcecode.c.objc; path = Loader.m; sourceTree = "<group>"; };
		B5AA094D1CB45D0F004EFCA9 /* MetaBankInfo.h */ = {isa = PBXFileReference; fileEncoding = 4; lastKnownFileType = sourcecode.c.h; path = MetaBankInfo.h; sourceTree = "<group>"; };
		B5AA094E1CB45D0F004EFCA9 /* MetaBankInfo.m */ = {isa = PBXFileReference; fileEncoding = 4; lastKnownFileType = sourcecode.c.objc; path = MetaBankInfo.m; sourceTree = "<group>"; };
		B5AC66381CA1E2E00018D7CB /* Spenderizer.app */ = {isa = PBXFileReference; explicitFileType = wrapper.application; includeInIndex = 0; path = Spenderizer.app; sourceTree = BUILT_PRODUCTS_DIR; };
		B5AC663C1CA1E2E00018D7CB /* main.m */ = {isa = PBXFileReference; lastKnownFileType = sourcecode.c.objc; path = main.m; sourceTree = "<group>"; };
		B5AC663E1CA1E2E00018D7CB /* AppDelegate.h */ = {isa = PBXFileReference; lastKnownFileType = sourcecode.c.h; path = AppDelegate.h; sourceTree = "<group>"; };
		B5AC66471CA1E2E00018D7CB /* Assets.xcassets */ = {isa = PBXFileReference; lastKnownFileType = folder.assetcatalog; path = Assets.xcassets; sourceTree = "<group>"; };
		B5AC664A1CA1E2E00018D7CB /* Base */ = {isa = PBXFileReference; lastKnownFileType = file.storyboard; name = Base; path = Base.lproj/LaunchScreen.storyboard; sourceTree = "<group>"; };
		B5AC664C1CA1E2E00018D7CB /* Info.plist */ = {isa = PBXFileReference; lastKnownFileType = text.plist.xml; path = Info.plist; sourceTree = "<group>"; };
/* End PBXFileReference section */

/* Begin PBXFrameworksBuildPhase section */
		B5AC66351CA1E2E00018D7CB /* Frameworks */ = {
			isa = PBXFrameworksBuildPhase;
			buildActionMask = 2147483647;
			files = (
				B57957591CD0818100CDC8BE /* CoreGraphics.framework in Frameworks */,
				B57957571CD0817B00CDC8BE /* QuartzCore.framework in Frameworks */,
				B53CAD4B1CBDF08100C9E482 /* Security.framework in Frameworks */,
				0013D711A67472DB8B9FAC13 /* Pods_Spenderizer.framework in Frameworks */,
			);
			runOnlyForDeploymentPostprocessing = 0;
		};
/* End PBXFrameworksBuildPhase section */

/* Begin PBXGroup section */
		B03BD5BD977A0514363DB1D0 /* Pods */ = {
			isa = PBXGroup;
			children = (
				126F8985ABB4B9F09DBCF367 /* Pods-Spenderizer.debug.xcconfig */,
				823ECA0E5C571F712B89861B /* Pods-Spenderizer.release.xcconfig */,
			);
			name = Pods;
			sourceTree = "<group>";
		};
		B53CAD831CBEF68600C9E482 /* View */ = {
			isa = PBXGroup;
			children = (
				B57957621CD1048600CDC8BE /* transactions */,
				B57957631CD1049E00CDC8BE /* accountView */,
				B53CAD891CBEF69200C9E482 /* BankSignInFormVC.h */,
				B53CAD8A1CBEF69200C9E482 /* BankSignInFormVC.m */,
				B53CAD8B1CBEF69200C9E482 /* BankTableVC.h */,
				B53CAD8C1CBEF69200C9E482 /* BankTableVC.m */,
				B579576A1CD10A5700CDC8BE /* BudgetTableVC.h */,
				B579576B1CD10A5700CDC8BE /* BudgetTableVC.m */,
				B57957671CD1054000CDC8BE /* CategoriesTableVC.h */,
				B57957681CD1054000CDC8BE /* CategoriesTableVC.m */,
				B53CAD8D1CBEF69200C9E482 /* HomePageVC.h */,
				B53CAD8E1CBEF69200C9E482 /* HomePageVC.m */,
				B53CAD8F1CBEF69200C9E482 /* MainMenuVC.h */,
				B53CAD901CBEF69200C9E482 /* MainMenuVC.m */,
				B53CAD911CBEF69200C9E482 /* NavigationTVC.h */,
				B53CAD921CBEF69200C9E482 /* NavigationTVC.m */,
				B53CAD931CBEF69200C9E482 /* NavigationVC.h */,
				B53CAD941CBEF69200C9E482 /* RegisterLoginVC.h */,
				B53CAD951CBEF69200C9E482 /* RegisterLoginVC.m */,
				B53CAD961CBEF69200C9E482 /* SetPinVC.h */,
				B53CAD971CBEF69200C9E482 /* SetPinVC.m */,
				B53CAD981CBEF69200C9E482 /* SettingsVC.h */,
				B53CAD991CBEF69200C9E482 /* SettingsVC.m */,
			);
			name = View;
			sourceTree = "<group>";
		};
		B53CADBF1CC4BBBB00C9E482 /* images */ = {
			isa = PBXGroup;
			children = (
				B579576F1CD117D100CDC8BE /* Logo.png */,
				B579576D1CD10B8300CDC8BE /* jabs.jpg */,
				B579575A1CD09AC000CDC8BE /* Icon-60@2x.png */,
				B57957601CD09B6900CDC8BE /* RoundedLogo.png */,
				B50B0FBA1CCDB05E0006AEA0 /* foodIcon.png */,
				B50B0FB81CCDA5550006AEA0 /* miscIcon.png */,
				B50B0FB61CCDA4960006AEA0 /* entertainmentIcon.png */,
				B50B0FB11CCD87240006AEA0 /* carIcon.png */,
				B53CADBD1CC4BBB400C9E482 /* cross.png */,
				210151F81CBD961C0037E6D3 /* MENU BUTTON 40x40.png */,
			);
			name = images;
			sourceTree = "<group>";
		};
		B563820A1CB8B1EC00B9B45A /* OFXQueries */ = {
			isa = PBXGroup;
			children = (
				B563820F1CB8B27300B9B45A /* templates */,
				B56382131CB8B2A100B9B45A /* OFXQuery.h */,
				B56382141CB8B2A100B9B45A /* OFXQuery.m */,
				B56382101CB8B28E00B9B45A /* OFXSignOnQuery.h */,
				B56382111CB8B28E00B9B45A /* OFXSignOnQuery.m */,
				B53CADAD1CBF279E00C9E482 /* OFXTransactionQuery.h */,
				B53CADAE1CBF279E00C9E482 /* OFXTransactionQuery.m */,
				B563822A1CB8D41400B9B45A /* OFXAccountsRequestQuery.h */,
				B563822B1CB8D41400B9B45A /* OFXAccountsRequestQuery.m */,
				B50286ED1CBB5BED00728973 /* OFXBankProfileQuery.h */,
				B50286EE1CBB5BED00728973 /* OFXBankProfileQuery.m */,
			);
			name = OFXQueries;
			sourceTree = "<group>";
		};
		B563820F1CB8B27300B9B45A /* templates */ = {
			isa = PBXGroup;
			children = (
				B56382261CB8D3DF00B9B45A /* OFXSignOnTemplate */,
				B56382271CB8D3DF00B9B45A /* OFXTransactionTemplate */,
				B50286E91CBAE88900728973 /* OFXAccountsRequestTemplate */,
				B50286EB1CBB385300728973 /* OFXBankProfileTemplate */,
				B53592F81CBCB580005CF4D5 /* OFXHeader */,
			);
			name = templates;
			sourceTree = "<group>";
		};
		B579570D1CD0382A00CDC8BE /* coreData */ = {
			isa = PBXGroup;
			children = (
				B57957531CD044A600CDC8BE /* TransactionModel.xcdatamodeld */,
			);
			name = coreData;
			sourceTree = "<group>";
		};
		B57957621CD1048600CDC8BE /* transactions */ = {
			isa = PBXGroup;
			children = (
				B53CAD9A1CBEF69200C9E482 /* TransactionCell.xib */,
				B53CAD9B1CBEF69200C9E482 /* TransactionTableVC.h */,
				B53CAD9C1CBEF69200C9E482 /* TransactionTableVC.m */,
				B53CAD9D1CBEF69200C9E482 /* TransactionTableViewCell.h */,
				B53CAD9E1CBEF69200C9E482 /* TransactionTableViewCell.m */,
			);
			name = transactions;
			sourceTree = "<group>";
		};
		B57957631CD1049E00CDC8BE /* accountView */ = {
			isa = PBXGroup;
			children = (
				B53CAD841CBEF69200C9E482 /* BankAccountCell.xib */,
				B53CAD851CBEF69200C9E482 /* BankAccountsTableVC.h */,
				B53CAD861CBEF69200C9E482 /* BankAccountsTableVC.m */,
				B53CAD871CBEF69200C9E482 /* BankAccountTableViewCell.h */,
				B53CAD881CBEF69200C9E482 /* BankAccountTableViewCell.m */,
			);
			name = accountView;
			sourceTree = "<group>";
		};
		B5AA09491CB45C9A004EFCA9 /* Tools */ = {
			isa = PBXGroup;
			children = (
				B56382301CB972AB00B9B45A /* XMLDictionary.h */,
				B56382311CB972AB00B9B45A /* XMLDictionary.m */,
				B560F00C1CBD7AF3000B3447 /* SGMLParser.h */,
				B560F00D1CBD7AF3000B3447 /* SGMLParser.m */,
				B560F00F1CBD81E5000B3447 /* Stack.h */,
				B560F0101CBD81E5000B3447 /* Stack.m */,
				B563821C1CB8B45A00B9B45A /* OFXget.h */,
				B563821D1CB8B45A00B9B45A /* OFXget.m */,
				B5AA094A1CB45CE3004EFCA9 /* Loader.h */,
				B5AA094B1CB45CE3004EFCA9 /* Loader.m */,
				B56382191CB8B3AD00B9B45A /* OFXUtil.h */,
				B563821A1CB8B3AD00B9B45A /* OFXUtil.m */,
			);
			name = Tools;
			sourceTree = "<group>";
		};
		B5AC662F1CA1E2E00018D7CB = {
			isa = PBXGroup;
			children = (
				B5AC663A1CA1E2E00018D7CB /* Spenderizer */,
				B5AC66391CA1E2E00018D7CB /* Products */,
				B03BD5BD977A0514363DB1D0 /* Pods */,
				E558874928F74C9ACC39B766 /* Frameworks */,
			);
			sourceTree = "<group>";
		};
		B5AC66391CA1E2E00018D7CB /* Products */ = {
			isa = PBXGroup;
			children = (
				B5AC66381CA1E2E00018D7CB /* Spenderizer.app */,
			);
			name = Products;
			sourceTree = "<group>";
		};
		B5AC663A1CA1E2E00018D7CB /* Spenderizer */ = {
			isa = PBXGroup;
			children = (
				B5AC663E1CA1E2E00018D7CB /* AppDelegate.h */,
				B53592CA1CBBEAD0005CF4D5 /* AppDelegate.m */,
				B5AC66471CA1E2E00018D7CB /* Assets.xcassets */,
				B50286E71CBAE62D00728973 /* Main.storyboard */,
				B5AC66491CA1E2E00018D7CB /* LaunchScreen.storyboard */,
				B5AC664C1CA1E2E00018D7CB /* Info.plist */,
				B53CAD831CBEF68600C9E482 /* View */,
				B5E7BA5F1CB3159E00F4877D /* Model */,
				B5AA09491CB45C9A004EFCA9 /* Tools */,
				B5AC663B1CA1E2E00018D7CB /* Supporting Files */,
			);
			path = Spenderizer;
			sourceTree = "<group>";
		};
		B5AC663B1CA1E2E00018D7CB /* Supporting Files */ = {
			isa = PBXGroup;
			children = (
				B53CADBF1CC4BBBB00C9E482 /* images */,
				B53CADBA1CC4B54E00C9E482 /* FXKeychain.h */,
				B53CADBB1CC4B54E00C9E482 /* FXKeychain.m */,
				B53592C61CBBE8D4005CF4D5 /* SWRevealViewController.h */,
				B53592C71CBBE8D4005CF4D5 /* SWRevealViewController.m */,
				B5AC663C1CA1E2E00018D7CB /* main.m */,
				B560F0121CBDABB6000B3447 /* Notes */,
				B53CAD571CBDFA6800C9E482 /* Constants.h */,
				B53CAD551CBDFA5D00C9E482 /* Constants.m */,
				B53CAD581CBDFB9C00C9E482 /* spenderizer-prefix.pch */,
			);
			name = "Supporting Files";
			sourceTree = "<group>";
		};
		B5E7BA5F1CB3159E00F4877D /* Model */ = {
			isa = PBXGroup;
			children = (
				B563820A1CB8B1EC00B9B45A /* OFXQueries */,
				B5AA09401CB45609004EFCA9 /* User.h */,
				B5AA09411CB45609004EFCA9 /* User.m */,
				B5AA09431CB4570D004EFCA9 /* BankAccount.h */,
				B5AA09441CB4570D004EFCA9 /* BankAccount.m */,
				B5AA09461CB45AC9004EFCA9 /* Bank.h */,
				B5AA09471CB45AC9004EFCA9 /* Bank.m */,
				B5AA094D1CB45D0F004EFCA9 /* MetaBankInfo.h */,
				B5AA094E1CB45D0F004EFCA9 /* MetaBankInfo.m */,
				B57956F21CCFFAF700CDC8BE /* Category.h */,
				B57956F31CCFFAF700CDC8BE /* Category.m */,
				B57956F51CCFFB0300CDC8BE /* Transaction.h */,
				B57956F61CCFFB0300CDC8BE /* Transaction.m */,
				B579570D1CD0382A00CDC8BE /* coreData */,
			);
			name = Model;
			sourceTree = "<group>";
		};
		E558874928F74C9ACC39B766 /* Frameworks */ = {
			isa = PBXGroup;
			children = (
				B57957581CD0818100CDC8BE /* CoreGraphics.framework */,
				B57957561CD0817B00CDC8BE /* QuartzCore.framework */,
				B53CAD4A1CBDF08100C9E482 /* Security.framework */,
				A382A6974C5D5C1DDB4C334D /* Pods_Spenderizer.framework */,
			);
			name = Frameworks;
			sourceTree = "<group>";
		};
/* End PBXGroup section */

/* Begin PBXNativeTarget section */
		B5AC66371CA1E2E00018D7CB /* Spenderizer */ = {
			isa = PBXNativeTarget;
			buildConfigurationList = B5AC664F1CA1E2E00018D7CB /* Build configuration list for PBXNativeTarget "Spenderizer" */;
			buildPhases = (
				8E14DE1DA8689F15C7D90272 /* Check Pods Manifest.lock */,
				B5AC66341CA1E2E00018D7CB /* Sources */,
				B5AC66351CA1E2E00018D7CB /* Frameworks */,
				B5AC66361CA1E2E00018D7CB /* Resources */,
				15438264E46B536A6AF9B26C /* Embed Pods Frameworks */,
				9217BF18E6FA2AEDD3081065 /* Copy Pods Resources */,
			);
			buildRules = (
			);
			dependencies = (
			);
			name = Spenderizer;
			productName = Spenderizer;
			productReference = B5AC66381CA1E2E00018D7CB /* Spenderizer.app */;
			productType = "com.apple.product-type.application";
		};
/* End PBXNativeTarget section */

/* Begin PBXProject section */
		B5AC66301CA1E2E00018D7CB /* Project object */ = {
			isa = PBXProject;
			attributes = {
				LastUpgradeCheck = 0720;
				ORGANIZATIONNAME = "The JABS";
				TargetAttributes = {
					B5AC66371CA1E2E00018D7CB = {
						CreatedOnToolsVersion = 7.2.1;
						DevelopmentTeam = AE7475N57L;
					};
				};
			};
			buildConfigurationList = B5AC66331CA1E2E00018D7CB /* Build configuration list for PBXProject "Spenderizer" */;
			compatibilityVersion = "Xcode 3.2";
			developmentRegion = English;
			hasScannedForEncodings = 0;
			knownRegions = (
				en,
				Base,
			);
			mainGroup = B5AC662F1CA1E2E00018D7CB;
			productRefGroup = B5AC66391CA1E2E00018D7CB /* Products */;
			projectDirPath = "";
			projectRoot = "";
			targets = (
				B5AC66371CA1E2E00018D7CB /* Spenderizer */,
			);
		};
/* End PBXProject section */

/* Begin PBXResourcesBuildPhase section */
		B5AC66361CA1E2E00018D7CB /* Resources */ = {
			isa = PBXResourcesBuildPhase;
			buildActionMask = 2147483647;
			files = (
				B57957611CD09B6900CDC8BE /* RoundedLogo.png in Resources */,
				B50B0FBB1CCDB05E0006AEA0 /* foodIcon.png in Resources */,
				B50B0FB91CCDA5550006AEA0 /* miscIcon.png in Resources */,
				B50B0FB21CCD87240006AEA0 /* carIcon.png in Resources */,
				B53CADB01CC1922B00C9E482 /* LaunchScreen.storyboard in Resources */,
				B50286EA1CBAE88900728973 /* OFXAccountsRequestTemplate in Resources */,
				B50B0FB71CCDA4960006AEA0 /* entertainmentIcon.png in Resources */,
				B579576E1CD10B8300CDC8BE /* jabs.jpg in Resources */,
				210151F91CBD961C0037E6D3 /* MENU BUTTON 40x40.png in Resources */,
				B56382291CB8D3DF00B9B45A /* OFXTransactionTemplate in Resources */,
				B53592F91CBCB580005CF4D5 /* OFXHeader in Resources */,
				B579575B1CD09AC000CDC8BE /* Icon-60@2x.png in Resources */,
				B57957701CD117D100CDC8BE /* Logo.png in Resources */,
				B5AC66481CA1E2E00018D7CB /* Assets.xcassets in Resources */,
				B53CADBE1CC4BBB400C9E482 /* cross.png in Resources */,
				B50286E81CBAE62D00728973 /* Main.storyboard in Resources */,
				B53CADAA1CBEF69200C9E482 /* TransactionCell.xib in Resources */,
				B56382281CB8D3DF00B9B45A /* OFXSignOnTemplate in Resources */,
				B50286EC1CBB385300728973 /* OFXBankProfileTemplate in Resources */,
				B53CAD9F1CBEF69200C9E482 /* BankAccountCell.xib in Resources */,
			);
			runOnlyForDeploymentPostprocessing = 0;
		};
/* End PBXResourcesBuildPhase section */

/* Begin PBXShellScriptBuildPhase section */
		15438264E46B536A6AF9B26C /* Embed Pods Frameworks */ = {
			isa = PBXShellScriptBuildPhase;
			buildActionMask = 2147483647;
			files = (
			);
			inputPaths = (
			);
			name = "Embed Pods Frameworks";
			outputPaths = (
			);
			runOnlyForDeploymentPostprocessing = 0;
			shellPath = /bin/sh;
			shellScript = "\"${SRCROOT}/Pods/Target Support Files/Pods-Spenderizer/Pods-Spenderizer-frameworks.sh\"\n";
			showEnvVarsInLog = 0;
		};
		8E14DE1DA8689F15C7D90272 /* Check Pods Manifest.lock */ = {
			isa = PBXShellScriptBuildPhase;
			buildActionMask = 2147483647;
			files = (
			);
			inputPaths = (
			);
			name = "Check Pods Manifest.lock";
			outputPaths = (
			);
			runOnlyForDeploymentPostprocessing = 0;
			shellPath = /bin/sh;
			shellScript = "diff \"${PODS_ROOT}/../Podfile.lock\" \"${PODS_ROOT}/Manifest.lock\" > /dev/null\nif [[ $? != 0 ]] ; then\n    cat << EOM\nerror: The sandbox is not in sync with the Podfile.lock. Run 'pod install' or update your CocoaPods installation.\nEOM\n    exit 1\nfi\n";
			showEnvVarsInLog = 0;
		};
		9217BF18E6FA2AEDD3081065 /* Copy Pods Resources */ = {
			isa = PBXShellScriptBuildPhase;
			buildActionMask = 2147483647;
			files = (
			);
			inputPaths = (
			);
			name = "Copy Pods Resources";
			outputPaths = (
			);
			runOnlyForDeploymentPostprocessing = 0;
			shellPath = /bin/sh;
			shellScript = "\"${SRCROOT}/Pods/Target Support Files/Pods-Spenderizer/Pods-Spenderizer-resources.sh\"\n";
			showEnvVarsInLog = 0;
		};
/* End PBXShellScriptBuildPhase section */

/* Begin PBXSourcesBuildPhase section */
		B5AC66341CA1E2E00018D7CB /* Sources */ = {
			isa = PBXSourcesBuildPhase;
			buildActionMask = 2147483647;
			files = (
				B53592CB1CBBEAD0005CF4D5 /* AppDelegate.m in Sources */,
				B57957691CD1054000CDC8BE /* CategoriesTableVC.m in Sources */,
				B53CADBC1CC4B54E00C9E482 /* FXKeychain.m in Sources */,
				B563821E1CB8B45A00B9B45A /* OFXget.m in Sources */,
				B563821B1CB8B3AD00B9B45A /* OFXUtil.m in Sources */,
				B53CADA71CBEF69200C9E482 /* RegisterLoginVC.m in Sources */,
				B53CADA01CBEF69200C9E482 /* BankAccountsTableVC.m in Sources */,
				B53CADA51CBEF69200C9E482 /* MainMenuVC.m in Sources */,
				B56382151CB8B2A100B9B45A /* OFXQuery.m in Sources */,
				B53CAD561CBDFA5D00C9E482 /* Constants.m in Sources */,
				B5AA09481CB45AC9004EFCA9 /* Bank.m in Sources */,
				B5AA09421CB45609004EFCA9 /* User.m in Sources */,
				B56382321CB972AB00B9B45A /* XMLDictionary.m in Sources */,
				B57957551CD044A600CDC8BE /* TransactionModel.xcdatamodeld in Sources */,
				B53CADAB1CBEF69200C9E482 /* TransactionTableVC.m in Sources */,
				B53CADAF1CBF279E00C9E482 /* OFXTransactionQuery.m in Sources */,
				B53CADA91CBEF69200C9E482 /* SettingsVC.m in Sources */,
				B5AA094C1CB45CE3004EFCA9 /* Loader.m in Sources */,
				B57956F41CCFFAF700CDC8BE /* Category.m in Sources */,
				B5AA09451CB4570D004EFCA9 /* BankAccount.m in Sources */,
				B560F00E1CBD7AF3000B3447 /* SGMLParser.m in Sources */,
				B53CADA31CBEF69200C9E482 /* BankTableVC.m in Sources */,
				B579576C1CD10A5700CDC8BE /* BudgetTableVC.m in Sources */,
				B53CADAC1CBEF69200C9E482 /* TransactionTableViewCell.m in Sources */,
				B5AA094F1CB45D0F004EFCA9 /* MetaBankInfo.m in Sources */,
				B57956F71CCFFB0300CDC8BE /* Transaction.m in Sources */,
				B53CADA21CBEF69200C9E482 /* BankSignInFormVC.m in Sources */,
				B53CADA81CBEF69200C9E482 /* SetPinVC.m in Sources */,
				B56382121CB8B28E00B9B45A /* OFXSignOnQuery.m in Sources */,
				B5AC663D1CA1E2E00018D7CB /* main.m in Sources */,
				B53CADA41CBEF69200C9E482 /* HomePageVC.m in Sources */,
				B53592C81CBBE8D4005CF4D5 /* SWRevealViewController.m in Sources */,
				B50286EF1CBB5BED00728973 /* OFXBankProfileQuery.m in Sources */,
				B53CADA11CBEF69200C9E482 /* BankAccountTableViewCell.m in Sources */,
				B560F0111CBD81E5000B3447 /* Stack.m in Sources */,
				B53CADA61CBEF69200C9E482 /* NavigationTVC.m in Sources */,
				B563822C1CB8D41400B9B45A /* OFXAccountsRequestQuery.m in Sources */,
			);
			runOnlyForDeploymentPostprocessing = 0;
		};
/* End PBXSourcesBuildPhase section */

/* Begin PBXVariantGroup section */
		B5AC66491CA1E2E00018D7CB /* LaunchScreen.storyboard */ = {
			isa = PBXVariantGroup;
			children = (
				B5AC664A1CA1E2E00018D7CB /* Base */,
			);
			name = LaunchScreen.storyboard;
			sourceTree = "<group>";
		};
/* End PBXVariantGroup section */

/* Begin XCBuildConfiguration section */
		B5AC664D1CA1E2E00018D7CB /* Debug */ = {
			isa = XCBuildConfiguration;
			buildSettings = {
				ALWAYS_SEARCH_USER_PATHS = NO;
				CLANG_CXX_LANGUAGE_STANDARD = "gnu++0x";
				CLANG_CXX_LIBRARY = "libc++";
				CLANG_ENABLE_MODULES = YES;
				CLANG_ENABLE_OBJC_ARC = YES;
				CLANG_WARN_BOOL_CONVERSION = YES;
				CLANG_WARN_CONSTANT_CONVERSION = YES;
				CLANG_WARN_DIRECT_OBJC_ISA_USAGE = YES_ERROR;
				CLANG_WARN_EMPTY_BODY = YES;
				CLANG_WARN_ENUM_CONVERSION = YES;
				CLANG_WARN_INT_CONVERSION = YES;
				CLANG_WARN_OBJC_ROOT_CLASS = YES_ERROR;
				CLANG_WARN_UNREACHABLE_CODE = YES;
				CLANG_WARN__DUPLICATE_METHOD_MATCH = YES;
				"CODE_SIGN_IDENTITY[sdk=iphoneos*]" = "iPhone Developer";
				COPY_PHASE_STRIP = NO;
				DEBUG_INFORMATION_FORMAT = dwarf;
				ENABLE_STRICT_OBJC_MSGSEND = YES;
				ENABLE_TESTABILITY = YES;
				GCC_C_LANGUAGE_STANDARD = gnu99;
				GCC_DYNAMIC_NO_PIC = NO;
				GCC_NO_COMMON_BLOCKS = YES;
				GCC_OPTIMIZATION_LEVEL = 0;
				GCC_PREPROCESSOR_DEFINITIONS = (
					"DEBUG=1",
					"$(inherited)",
				);
				GCC_WARN_64_TO_32_BIT_CONVERSION = YES;
				GCC_WARN_ABOUT_RETURN_TYPE = YES_ERROR;
				GCC_WARN_UNDECLARED_SELECTOR = YES;
				GCC_WARN_UNINITIALIZED_AUTOS = YES_AGGRESSIVE;
				GCC_WARN_UNUSED_FUNCTION = YES;
				GCC_WARN_UNUSED_VARIABLE = YES;
				IPHONEOS_DEPLOYMENT_TARGET = 9.3;
				MTL_ENABLE_DEBUG_INFO = YES;
				ONLY_ACTIVE_ARCH = YES;
				SDKROOT = iphoneos;
				TARGETED_DEVICE_FAMILY = "1,2";
			};
			name = Debug;
		};
		B5AC664E1CA1E2E00018D7CB /* Release */ = {
			isa = XCBuildConfiguration;
			buildSettings = {
				ALWAYS_SEARCH_USER_PATHS = NO;
				CLANG_CXX_LANGUAGE_STANDARD = "gnu++0x";
				CLANG_CXX_LIBRARY = "libc++";
				CLANG_ENABLE_MODULES = YES;
				CLANG_ENABLE_OBJC_ARC = YES;
				CLANG_WARN_BOOL_CONVERSION = YES;
				CLANG_WARN_CONSTANT_CONVERSION = YES;
				CLANG_WARN_DIRECT_OBJC_ISA_USAGE = YES_ERROR;
				CLANG_WARN_EMPTY_BODY = YES;
				CLANG_WARN_ENUM_CONVERSION = YES;
				CLANG_WARN_INT_CONVERSION = YES;
				CLANG_WARN_OBJC_ROOT_CLASS = YES_ERROR;
				CLANG_WARN_UNREACHABLE_CODE = YES;
				CLANG_WARN__DUPLICATE_METHOD_MATCH = YES;
				"CODE_SIGN_IDENTITY[sdk=iphoneos*]" = "iPhone Developer";
				COPY_PHASE_STRIP = NO;
				DEBUG_INFORMATION_FORMAT = "dwarf-with-dsym";
				ENABLE_NS_ASSERTIONS = NO;
				ENABLE_STRICT_OBJC_MSGSEND = YES;
				GCC_C_LANGUAGE_STANDARD = gnu99;
				GCC_NO_COMMON_BLOCKS = YES;
				GCC_WARN_64_TO_32_BIT_CONVERSION = YES;
				GCC_WARN_ABOUT_RETURN_TYPE = YES_ERROR;
				GCC_WARN_UNDECLARED_SELECTOR = YES;
				GCC_WARN_UNINITIALIZED_AUTOS = YES_AGGRESSIVE;
				GCC_WARN_UNUSED_FUNCTION = YES;
				GCC_WARN_UNUSED_VARIABLE = YES;
				IPHONEOS_DEPLOYMENT_TARGET = 9.3;
				MTL_ENABLE_DEBUG_INFO = NO;
				SDKROOT = iphoneos;
				TARGETED_DEVICE_FAMILY = "1,2";
				VALIDATE_PRODUCT = YES;
			};
			name = Release;
		};
		B5AC66501CA1E2E00018D7CB /* Debug */ = {
			isa = XCBuildConfiguration;
			baseConfigurationReference = 126F8985ABB4B9F09DBCF367 /* Pods-Spenderizer.debug.xcconfig */;
			buildSettings = {
				ASSETCATALOG_COMPILER_APPICON_NAME = AppIcon;
				CODE_SIGN_IDENTITY = "iPhone Developer";
				"CODE_SIGN_IDENTITY[sdk=iphoneos*]" = "iPhone Developer";
				GCC_PRECOMPILE_PREFIX_HEADER = YES;
				GCC_PREFIX_HEADER = "Spenderizer/spenderizer-prefix.pch";
				INFOPLIST_FILE = Spenderizer/Info.plist;
				IPHONEOS_DEPLOYMENT_TARGET = 9.3;
				LD_RUNPATH_SEARCH_PATHS = "$(inherited) @executable_path/Frameworks";
				PRODUCT_BUNDLE_IDENTIFIER = com.thejabs.Spenderizer;
				PRODUCT_NAME = "$(TARGET_NAME)";
				PROVISIONING_PROFILE = "";
			};
			name = Debug;
		};
		B5AC66511CA1E2E00018D7CB /* Release */ = {
			isa = XCBuildConfiguration;
			baseConfigurationReference = 823ECA0E5C571F712B89861B /* Pods-Spenderizer.release.xcconfig */;
			buildSettings = {
				ASSETCATALOG_COMPILER_APPICON_NAME = AppIcon;
				CODE_SIGN_IDENTITY = "iPhone Developer";
				"CODE_SIGN_IDENTITY[sdk=iphoneos*]" = "iPhone Developer";
				GCC_PRECOMPILE_PREFIX_HEADER = YES;
				GCC_PREFIX_HEADER = "Spenderizer/spenderizer-prefix.pch";
				INFOPLIST_FILE = Spenderizer/Info.plist;
				IPHONEOS_DEPLOYMENT_TARGET = 9.3;
				LD_RUNPATH_SEARCH_PATHS = "$(inherited) @executable_path/Frameworks";
				PRODUCT_BUNDLE_IDENTIFIER = com.thejabs.Spenderizer;
				PRODUCT_NAME = "$(TARGET_NAME)";
				PROVISIONING_PROFILE = "";
			};
			name = Release;
		};
/* End XCBuildConfiguration section */

/* Begin XCConfigurationList section */
		B5AC66331CA1E2E00018D7CB /* Build configuration list for PBXProject "Spenderizer" */ = {
			isa = XCConfigurationList;
			buildConfigurations = (
				B5AC664D1CA1E2E00018D7CB /* Debug */,
				B5AC664E1CA1E2E00018D7CB /* Release */,
			);
			defaultConfigurationIsVisible = 0;
			defaultConfigurationName = Release;
		};
		B5AC664F1CA1E2E00018D7CB /* Build configuration list for PBXNativeTarget "Spenderizer" */ = {
			isa = XCConfigurationList;
			buildConfigurations = (
				B5AC66501CA1E2E00018D7CB /* Debug */,
				B5AC66511CA1E2E00018D7CB /* Release */,
			);
			defaultConfigurationIsVisible = 0;
			defaultConfigurationName = Release;
		};
/* End XCConfigurationList section */

/* Begin XCVersionGroup section */
		B57957531CD044A600CDC8BE /* TransactionModel.xcdatamodeld */ = {
			isa = XCVersionGroup;
			children = (
				B57957541CD044A600CDC8BE /* TransactionModel.xcdatamodel */,
			);
			currentVersion = B57957541CD044A600CDC8BE /* TransactionModel.xcdatamodel */;
			path = TransactionModel.xcdatamodeld;
			sourceTree = "<group>";
			versionGroupType = wrapper.xcdatamodel;
		};
/* End XCVersionGroup section */
	};
	rootObject = B5AC66301CA1E2E00018D7CB /* Project object */;
}
